<?xml version="1.0" encoding="utf-8"?>
<Project ToolsVersion="4.0" xmlns="http://schemas.microsoft.com/developer/msbuild/2003">
  <ItemGroup>
    <ClCompile Include="pch.cpp" />
    <ClCompile Include="bitonic_sort.tests.cpp">
      <Filter>sort</Filter>
    </ClCompile>
    <ClCompile Include="performance.cpp" />
    <ClCompile Include="partition.performance.cpp">
      <Filter>sort</Filter>
    </ClCompile>
    <ClCompile Include="Profiling.cpp" />
  </ItemGroup>
  <ItemGroup>
    <ClInclude Include="pch.hpp" />
    <ClInclude Include="tests.utils.hpp" />
    <ClInclude Include="sorting_kernels.hpp">
      <Filter>sort</Filter>
    </ClInclude>
    <ClInclude Include="Profiling.hpp" />
  </ItemGroup>
  <ItemGroup>
    <Filter Include="sort">
      <UniqueIdentifier>{388ec71c-721e-491c-8f7d-b7181c0b8619}</UniqueIdentifier>
    </Filter>
  </ItemGroup>
</Project>